
Microsoft Visual Studio Solution File, Format Version 12.00
# Visual Studio Version 17
VisualStudioVersion = 17.3.32901.215
MinimumVisualStudioVersion = 10.0.40219.1
Project("{FAE04EC0-301F-11D3-BF4B-00C04F79EFBC}") = "GameMusician", "GameMusician\GameMusician.csproj", "{E3056202-5C60-4C7B-A628-CB882DADD46A}"
EndProject
Global
	GlobalSection(SolutionConfigurationPlatforms) = preSolution
		Debug|Any CPU = Debug|Any CPU
		Release|Any CPU = Release|Any CPU
	EndGlobalSection
	GlobalSection(ProjectConfigurationPlatforms) = postSolution
		{E3056202-5C60-4C7B-A628-CB882DADD46A}.Debug|Any CPU.ActiveCfg = Debug|Any CPU
		{E3056202-5C60-4C7B-A628-CB882DADD46A}.Debug|Any CPU.Build.0 = Debug|Any CPU
		{E3056202-5C60-4C7B-A628-CB882DADD46A}.Release|Any CPU.ActiveCfg = Release|Any CPU
		{E3056202-5C60-4C7B-A628-CB882DADD46A}.Release|Any CPU.Build.0 = Release|Any CPU
	EndGlobalSection
	GlobalSection(SolutionProperties) = preSolution
		HideSolutionNode = FALSE
	EndGlobalSection
	GlobalSection(ExtensibilityGlobals) = postSolution
		SolutionGuid = {39B12140-D039-4941-A030-898261CC83B3}
	EndGlobalSection
EndGlobal
